<?xml version="1.0" encoding="utf-8"?>
<Project ToolsVersion="4.0" xmlns="http://schemas.microsoft.com/developer/msbuild/2003">
  <ItemGroup>
    <Filter Include="Source Files">
      <UniqueIdentifier>{4FC737F1-C7A5-4376-A066-2A32D752A2FF}</UniqueIdentifier>
      <Extensions>cpp;c;cc;cxx;def;odl;idl;hpj;bat;asm;asmx</Extensions>
    </Filter>
    <Filter Include="Header Files">
      <UniqueIdentifier>{93995380-89BD-4b04-88EB-625FBE52EBFB}</UniqueIdentifier>
      <Extensions>h;hh;hpp;hxx;hm;inl;inc;xsd</Extensions>
    </Filter>
    <Filter Include="Resource Files">
      <UniqueIdentifier>{67DA6AB6-F800-4c08-8B7A-83BB121AAD01}</UniqueIdentifier>
      <Extensions>rc;ico;cur;bmp;dlg;rc2;rct;bin;rgs;gif;jpg;jpeg;jpe;resx;tiff;tif;png;wav;mfcribbon-ms</Extensions>
    </Filter>
    <Filter Include="Header Files\opengl">
      <UniqueIdentifier>{7f692076-789a-411b-a358-ffc506671f9d}</UniqueIdentifier>
    </Filter>
    <Filter Include="Header Files\physics">
      <UniqueIdentifier>{f64412ba-1a85-4a28-9f72-d07f6f2e5738}</UniqueIdentifier>
    </Filter>
    <Filter Include="Header Files\render">
      <UniqueIdentifier>{36fd627f-a92e-443d-97d1-2325423592a9}</UniqueIdentifier>
    </Filter>
    <Filter Include="Resource Files\shaders">
      <UniqueIdentifier>{cb808a35-3d83-4cca-9479-0a9c00f24921}</UniqueIdentifier>
    </Filter>
    <Filter Include="Resource Files\img">
      <UniqueIdentifier>{50bc957b-897b-46e5-87d9-bee187648a26}</UniqueIdentifier>
    </Filter>
    <Filter Include="Source Files\render">
      <UniqueIdentifier>{ba5e9d1c-7ef3-4f7b-9a6f-714efcc6dd75}</UniqueIdentifier>
    </Filter>
    <Filter Include="Source Files\physics">
      <UniqueIdentifier>{018174fd-6b5e-4859-bd86-50ebd9a43030}</UniqueIdentifier>
    </Filter>
    <Filter Include="Source Files\opengl">
      <UniqueIdentifier>{4adc0c63-a2e7-47c4-a7d2-da27de89eb72}</UniqueIdentifier>
    </Filter>
    <Filter Include="Header Files\texture">
      <UniqueIdentifier>{5aa74ffc-ee4e-4c84-9005-0842424650a4}</UniqueIdentifier>
    </Filter>
    <Filter Include="Source Files\texture">
      <UniqueIdentifier>{3055508a-3133-408b-a93b-3d0fdd98cd85}</UniqueIdentifier>
    </Filter>
    <Filter Include="Header Files\scene">
      <UniqueIdentifier>{eac2b995-3cb0-4e27-a75b-03b15cf96295}</UniqueIdentifier>
    </Filter>
    <Filter Include="Source Files\scene">
      <UniqueIdentifier>{8bcea03c-4539-4a02-b78f-a8c9fd37de3a}</UniqueIdentifier>
    </Filter>
  </ItemGroup>
  <ItemGroup>
    <ClCompile Include="FlagSimulation.cpp">
      <Filter>Source Files</Filter>
    </ClCompile>
    <ClCompile Include="callbacks.cpp">
      <Filter>Source Files</Filter>
    </ClCompile>
    <ClCompile Include="globals.cpp">
      <Filter>Source Files</Filter>
    </ClCompile>
    <ClCompile Include="render\FlagRenderer.cpp">
      <Filter>Source Files\render</Filter>
    </ClCompile>
    <ClCompile Include="physics\Face.cpp">
      <Filter>Source Files\physics</Filter>
    </ClCompile>
    <ClCompile Include="physics\Particle.cpp">
      <Filter>Source Files\physics</Filter>
    </ClCompile>
    <ClCompile Include="physics\SpringDamper.cpp">
      <Filter>Source Files\physics</Filter>
    </ClCompile>
    <ClCompile Include="physics\WindSource.cpp">
      <Filter>Source Files\physics</Filter>
    </ClCompile>
    <ClCompile Include="opengl\HelperFunctions.cpp">
      <Filter>Source Files\opengl</Filter>
    </ClCompile>
    <ClCompile Include="opengl\OpenGLProgram.cpp">
      <Filter>Source Files\opengl</Filter>
    </ClCompile>
    <ClCompile Include="texture\TextureHandler.cpp">
      <Filter>Source Files\texture</Filter>
    </ClCompile>
    <ClCompile Include="scene\Flag.cpp">
      <Filter>Source Files\scene</Filter>
    </ClCompile>
  </ItemGroup>
  <ItemGroup>
    <ClInclude Include="callbacks.h">
      <Filter>Header Files</Filter>
    </ClInclude>
    <ClInclude Include="globals.h">
      <Filter>Header Files</Filter>
    </ClInclude>
    <ClInclude Include="render\FlagRenderer.h">
      <Filter>Header Files\render</Filter>
    </ClInclude>
    <ClInclude Include="physics\Face.h">
      <Filter>Header Files\physics</Filter>
    </ClInclude>
    <ClInclude Include="physics\Particle.h">
      <Filter>Header Files\physics</Filter>
    </ClInclude>
    <ClInclude Include="physics\SpringDamper.h">
      <Filter>Header Files\physics</Filter>
    </ClInclude>
    <ClInclude Include="physics\WindSource.h">
      <Filter>Header Files\physics</Filter>
    </ClInclude>
    <ClInclude Include="opengl\HelperFunctions.h">
      <Filter>Header Files\opengl</Filter>
    </ClInclude>
    <ClInclude Include="opengl\OpenGLProgram.h">
      <Filter>Header Files\opengl</Filter>
    </ClInclude>
    <ClInclude Include="texture\TextureHandler.h">
      <Filter>Header Files\texture</Filter>
    </ClInclude>
    <ClInclude Include="scene\Flag.h">
      <Filter>Header Files\scene</Filter>
    </ClInclude>
  </ItemGroup>
  <ItemGroup>
    <None Include="shaders\PhongFragment.frag">
      <Filter>Resource Files\shaders</Filter>
    </None>
    <None Include="shaders\PhongVertex.vert">
      <Filter>Resource Files\shaders</Filter>
    </None>
  </ItemGroup>
  <ItemGroup>
    <Image Include="img\texture.jpg">
      <Filter>Resource Files\img</Filter>
    </Image>
  </ItemGroup>
</Project>